dependencies:
- name: meshplay-istio
  repository: ""
  version: 0.7.0
- name: meshplay-linkerd
  repository: ""
  version: 0.7.0
- name: meshplay-consul
  repository: ""
  version: 0.7.0
- name: meshplay-kuma
  repository: ""
  version: 0.7.0
- name: meshplay-nsm
  repository: ""
  version: 0.7.0
- name: meshplay-traefik-mesh
  repository: ""
  version: 0.7.0
- name: meshplay-nginx-sm
  repository: ""
  version: 0.7.0
- name: meshplay-app-mesh
  repository: ""
  version: 0.7.0
- name: meshplay-cilium
  repository: ""
  version: 0.7.0
- name: meshplay-nighthawk
  repository: ""
  version: 0.7.0
digest: sha256:2b66c37daa14297875735cc974409d2d1c58685eb9f6d48f81ef3b7e8939375d
generated: "2024-03-29T21:54:28.552689051-04:00"
